{
  "version": 4,
  "terraform_version": "1.9.5",
  "serial": 3,
  "lineage": "b9141346-83fb-e863-8a56-cda63518f023",
  "outputs": {
    "name": {
      "value": "./copy_file.sh",
      "type": "string"
    }
  },
  "resources": [
    {
      "mode": "managed",
      "type": "local_file",
      "name": "copy_build_files",
      "provider": "provider[\"registry.terraform.io/hashicorp/local\"]",
      "instances": [
        {
          "schema_version": 0,
          "attributes": {
            "content": "cp -rf ./ /var/www/html\n",
            "content_base64": null,
            "content_base64sha256": "kRaOKvapb0wHpkw+ZViSTGm85MBYjsoNm7qCw+GqQpg=",
            "content_base64sha512": "j5uQG0sCJFPS67UzabBpLSJ9SglmsVswyfXNaV6XS4mHz94jv8rzXH2k9U15bkO4Uk9jTfLdAou9cC771+KO7A==",
            "content_md5": "879848f9bac8822f24b90c6cdcc35fa0",
            "content_sha1": "d882a5dfaefda93e1a58c9b5d87172e564e0b39d",
            "content_sha256": "91168e2af6a96f4c07a64c3e6558924c69bce4c0588eca0d9bba82c3e1aa4298",
            "content_sha512": "8f9b901b4b022453d2ebb53369b0692d227d4a0966b15b30c9f5cd695e974b8987cfde23bfcaf35c7da4f54d796e43b8524f634df2dd028bbd702efbd7e28eec",
            "directory_permission": "0777",
            "file_permission": "0755",
            "filename": "./copy_file.sh",
            "id": "d882a5dfaefda93e1a58c9b5d87172e564e0b39d",
            "sensitive_content": null,
            "source": null
          },
          "sensitive_attributes": [
            [
              {
                "type": "get_attr",
                "value": "sensitive_content"
              }
            ]
          ]
        }
      ]
    },
    {
      "mode": "managed",
      "type": "null_resource",
      "name": "run_sh_file",
      "provider": "provider[\"registry.terraform.io/hashicorp/null\"]",
      "instances": [
        {
          "status": "tainted",
          "schema_version": 0,
          "attributes": {
            "id": "2784607228146235840",
            "triggers": null
          },
          "sensitive_attributes": [],
          "dependencies": [
            "local_file.copy_build_files"
          ]
        }
      ]
    }
  ],
  "check_results": null
}
