{
  "version": 4,
  "terraform_version": "1.9.5",
  "serial": 8,
  "lineage": "b9141346-83fb-e863-8a56-cda63518f023",
  "outputs": {
    "name": {
      "value": "./copy_file.sh",
      "type": "string"
    }
  },
  "resources": [
    {
      "mode": "managed",
      "type": "local_file",
      "name": "copy_build_files",
      "provider": "provider[\"registry.terraform.io/hashicorp/local\"]",
      "instances": [
        {
          "schema_version": 0,
          "attributes": {
            "content": "cp -rf ./ /var/www/html \u0026\u0026 whoami\n",
            "content_base64": null,
            "content_base64sha256": "tItJQ7Tx8KjSOb5Q6Tjvk2IjbJdior6GsPM8WzeyR1k=",
            "content_base64sha512": "V/E8cd+DFeWQpR29qtms9XXzf1gCjxkYeh7jDiEkDwYe/kOll86ujgN6La6L5aBPWv500U52Be1qKcOGbkFdXA==",
            "content_md5": "77c9015e9fdc2912447dc318a560d8c0",
            "content_sha1": "55cf025eff2ce483957a283176d0cfe80773c905",
            "content_sha256": "b48b4943b4f1f0a8d239be50e938ef9362236c9762a2be86b0f33c5b37b24759",
            "content_sha512": "57f13c71df8315e590a51dbdaad9acf575f37f58028f19187a1ee30e21240f061efe43a597ceae8e037a2dae8be5a04f5afe74d14e7605ed6a29c3866e415d5c",
            "directory_permission": "0777",
            "file_permission": "0755",
            "filename": "./copy_file.sh",
            "id": "55cf025eff2ce483957a283176d0cfe80773c905",
            "sensitive_content": null,
            "source": null
          },
          "sensitive_attributes": [
            [
              {
                "type": "get_attr",
                "value": "sensitive_content"
              }
            ]
          ]
        }
      ]
    },
    {
      "mode": "managed",
      "type": "null_resource",
      "name": "run_sh_file",
      "provider": "provider[\"registry.terraform.io/hashicorp/null\"]",
      "instances": [
        {
          "status": "tainted",
          "schema_version": 0,
          "attributes": {
            "id": "8022830514017911419",
            "triggers": null
          },
          "sensitive_attributes": [],
          "dependencies": [
            "local_file.copy_build_files"
          ]
        }
      ]
    }
  ],
  "check_results": null
}
